
Microsoft Visual Studio Solution File, Format Version 12.00
# Visual Studio 15
VisualStudioVersion = 15.0.26124.0
MinimumVisualStudioVersion = 15.0.26124.0
Project("{2150E333-8FDC-42A3-9474-1A3956D46DE8}") = "src", "src", "{820DDE3F-4B74-4516-812E-ECD9B95780F2}"
EndProject
Project("{FAE04EC0-301F-11D3-BF4B-00C04F79EFBC}") = "Application", "src\Application\Application.csproj", "{47D70AB5-523B-4F23-941B-7D2F6B5BDBD9}"
EndProject
Project("{FAE04EC0-301F-11D3-BF4B-00C04F79EFBC}") = "Infrastructure", "src\Infrastructure\Infrastructure.csproj", "{C4FC24FF-8F4E-4F8D-AE93-80835093F0D1}"
EndProject
Project("{FAE04EC0-301F-11D3-BF4B-00C04F79EFBC}") = "Domain", "src\Domain\Domain.csproj", "{E2244E64-E4FA-42A1-8B31-D41529D0B4FF}"
EndProject
Project("{FAE04EC0-301F-11D3-BF4B-00C04F79EFBC}") = "CleanFunc", "src\FunctionApp\CleanFunc.csproj", "{F46AD1CE-B2D0-427E-8B04-D5C6117BDC70}"
EndProject
Project("{2150E333-8FDC-42A3-9474-1A3956D46DE8}") = "tests", "tests", "{259B69F7-B714-4937-8C19-3942AFFCAE3D}"
EndProject
Project("{FAE04EC0-301F-11D3-BF4B-00C04F79EFBC}") = "Application.UnitTests", "tests\Application.UnitTests\Application.UnitTests.csproj", "{8ECB5F69-89C7-4D05-B131-FE09596E4596}"
EndProject
Project("{FAE04EC0-301F-11D3-BF4B-00C04F79EFBC}") = "Infrastructure.UnitTests", "tests\Infrastructure.UnitTests\Infrastructure.UnitTests.csproj", "{400B1C6E-4F59-4165-8FE8-ED048890EB08}"
EndProject
Project("{FAE04EC0-301F-11D3-BF4B-00C04F79EFBC}") = "Solution.ArchitectureTests", "tests\Solution.ArchitectureTests\Solution.ArchitectureTests.csproj", "{E03F3044-A5E7-4958-9949-6C8C2542CD8C}"
EndProject
Global
	GlobalSection(SolutionConfigurationPlatforms) = preSolution
		Debug|Any CPU = Debug|Any CPU
		Debug|x64 = Debug|x64
		Debug|x86 = Debug|x86
		Release|Any CPU = Release|Any CPU
		Release|x64 = Release|x64
		Release|x86 = Release|x86
	EndGlobalSection
	GlobalSection(SolutionProperties) = preSolution
		HideSolutionNode = FALSE
	EndGlobalSection
	GlobalSection(ProjectConfigurationPlatforms) = postSolution
		{47D70AB5-523B-4F23-941B-7D2F6B5BDBD9}.Debug|Any CPU.ActiveCfg = Debug|Any CPU
		{47D70AB5-523B-4F23-941B-7D2F6B5BDBD9}.Debug|Any CPU.Build.0 = Debug|Any CPU
		{47D70AB5-523B-4F23-941B-7D2F6B5BDBD9}.Debug|x64.ActiveCfg = Debug|Any CPU
		{47D70AB5-523B-4F23-941B-7D2F6B5BDBD9}.Debug|x64.Build.0 = Debug|Any CPU
		{47D70AB5-523B-4F23-941B-7D2F6B5BDBD9}.Debug|x86.ActiveCfg = Debug|Any CPU
		{47D70AB5-523B-4F23-941B-7D2F6B5BDBD9}.Debug|x86.Build.0 = Debug|Any CPU
		{47D70AB5-523B-4F23-941B-7D2F6B5BDBD9}.Release|Any CPU.ActiveCfg = Release|Any CPU
		{47D70AB5-523B-4F23-941B-7D2F6B5BDBD9}.Release|Any CPU.Build.0 = Release|Any CPU
		{47D70AB5-523B-4F23-941B-7D2F6B5BDBD9}.Release|x64.ActiveCfg = Release|Any CPU
		{47D70AB5-523B-4F23-941B-7D2F6B5BDBD9}.Release|x64.Build.0 = Release|Any CPU
		{47D70AB5-523B-4F23-941B-7D2F6B5BDBD9}.Release|x86.ActiveCfg = Release|Any CPU
		{47D70AB5-523B-4F23-941B-7D2F6B5BDBD9}.Release|x86.Build.0 = Release|Any CPU
		{C4FC24FF-8F4E-4F8D-AE93-80835093F0D1}.Debug|Any CPU.ActiveCfg = Debug|Any CPU
		{C4FC24FF-8F4E-4F8D-AE93-80835093F0D1}.Debug|Any CPU.Build.0 = Debug|Any CPU
		{C4FC24FF-8F4E-4F8D-AE93-80835093F0D1}.Debug|x64.ActiveCfg = Debug|Any CPU
		{C4FC24FF-8F4E-4F8D-AE93-80835093F0D1}.Debug|x64.Build.0 = Debug|Any CPU
		{C4FC24FF-8F4E-4F8D-AE93-80835093F0D1}.Debug|x86.ActiveCfg = Debug|Any CPU
		{C4FC24FF-8F4E-4F8D-AE93-80835093F0D1}.Debug|x86.Build.0 = Debug|Any CPU
		{C4FC24FF-8F4E-4F8D-AE93-80835093F0D1}.Release|Any CPU.ActiveCfg = Release|Any CPU
		{C4FC24FF-8F4E-4F8D-AE93-80835093F0D1}.Release|Any CPU.Build.0 = Release|Any CPU
		{C4FC24FF-8F4E-4F8D-AE93-80835093F0D1}.Release|x64.ActiveCfg = Release|Any CPU
		{C4FC24FF-8F4E-4F8D-AE93-80835093F0D1}.Release|x64.Build.0 = Release|Any CPU
		{C4FC24FF-8F4E-4F8D-AE93-80835093F0D1}.Release|x86.ActiveCfg = Release|Any CPU
		{C4FC24FF-8F4E-4F8D-AE93-80835093F0D1}.Release|x86.Build.0 = Release|Any CPU
		{E2244E64-E4FA-42A1-8B31-D41529D0B4FF}.Debug|Any CPU.ActiveCfg = Debug|Any CPU
		{E2244E64-E4FA-42A1-8B31-D41529D0B4FF}.Debug|Any CPU.Build.0 = Debug|Any CPU
		{E2244E64-E4FA-42A1-8B31-D41529D0B4FF}.Debug|x64.ActiveCfg = Debug|Any CPU
		{E2244E64-E4FA-42A1-8B31-D41529D0B4FF}.Debug|x64.Build.0 = Debug|Any CPU
		{E2244E64-E4FA-42A1-8B31-D41529D0B4FF}.Debug|x86.ActiveCfg = Debug|Any CPU
		{E2244E64-E4FA-42A1-8B31-D41529D0B4FF}.Debug|x86.Build.0 = Debug|Any CPU
		{E2244E64-E4FA-42A1-8B31-D41529D0B4FF}.Release|Any CPU.ActiveCfg = Release|Any CPU
		{E2244E64-E4FA-42A1-8B31-D41529D0B4FF}.Release|Any CPU.Build.0 = Release|Any CPU
		{E2244E64-E4FA-42A1-8B31-D41529D0B4FF}.Release|x64.ActiveCfg = Release|Any CPU
		{E2244E64-E4FA-42A1-8B31-D41529D0B4FF}.Release|x64.Build.0 = Release|Any CPU
		{E2244E64-E4FA-42A1-8B31-D41529D0B4FF}.Release|x86.ActiveCfg = Release|Any CPU
		{E2244E64-E4FA-42A1-8B31-D41529D0B4FF}.Release|x86.Build.0 = Release|Any CPU
		{F46AD1CE-B2D0-427E-8B04-D5C6117BDC70}.Debug|Any CPU.ActiveCfg = Debug|Any CPU
		{F46AD1CE-B2D0-427E-8B04-D5C6117BDC70}.Debug|Any CPU.Build.0 = Debug|Any CPU
		{F46AD1CE-B2D0-427E-8B04-D5C6117BDC70}.Debug|x64.ActiveCfg = Debug|Any CPU
		{F46AD1CE-B2D0-427E-8B04-D5C6117BDC70}.Debug|x64.Build.0 = Debug|Any CPU
		{F46AD1CE-B2D0-427E-8B04-D5C6117BDC70}.Debug|x86.ActiveCfg = Debug|Any CPU
		{F46AD1CE-B2D0-427E-8B04-D5C6117BDC70}.Debug|x86.Build.0 = Debug|Any CPU
		{F46AD1CE-B2D0-427E-8B04-D5C6117BDC70}.Release|Any CPU.ActiveCfg = Release|Any CPU
		{F46AD1CE-B2D0-427E-8B04-D5C6117BDC70}.Release|Any CPU.Build.0 = Release|Any CPU
		{F46AD1CE-B2D0-427E-8B04-D5C6117BDC70}.Release|x64.ActiveCfg = Release|Any CPU
		{F46AD1CE-B2D0-427E-8B04-D5C6117BDC70}.Release|x64.Build.0 = Release|Any CPU
		{F46AD1CE-B2D0-427E-8B04-D5C6117BDC70}.Release|x86.ActiveCfg = Release|Any CPU
		{F46AD1CE-B2D0-427E-8B04-D5C6117BDC70}.Release|x86.Build.0 = Release|Any CPU
		{8ECB5F69-89C7-4D05-B131-FE09596E4596}.Debug|Any CPU.ActiveCfg = Debug|Any CPU
		{8ECB5F69-89C7-4D05-B131-FE09596E4596}.Debug|Any CPU.Build.0 = Debug|Any CPU
		{8ECB5F69-89C7-4D05-B131-FE09596E4596}.Debug|x64.ActiveCfg = Debug|Any CPU
		{8ECB5F69-89C7-4D05-B131-FE09596E4596}.Debug|x64.Build.0 = Debug|Any CPU
		{8ECB5F69-89C7-4D05-B131-FE09596E4596}.Debug|x86.ActiveCfg = Debug|Any CPU
		{8ECB5F69-89C7-4D05-B131-FE09596E4596}.Debug|x86.Build.0 = Debug|Any CPU
		{8ECB5F69-89C7-4D05-B131-FE09596E4596}.Release|Any CPU.ActiveCfg = Release|Any CPU
		{8ECB5F69-89C7-4D05-B131-FE09596E4596}.Release|Any CPU.Build.0 = Release|Any CPU
		{8ECB5F69-89C7-4D05-B131-FE09596E4596}.Release|x64.ActiveCfg = Release|Any CPU
		{8ECB5F69-89C7-4D05-B131-FE09596E4596}.Release|x64.Build.0 = Release|Any CPU
		{8ECB5F69-89C7-4D05-B131-FE09596E4596}.Release|x86.ActiveCfg = Release|Any CPU
		{8ECB5F69-89C7-4D05-B131-FE09596E4596}.Release|x86.Build.0 = Release|Any CPU
		{400B1C6E-4F59-4165-8FE8-ED048890EB08}.Debug|Any CPU.ActiveCfg = Debug|Any CPU
		{400B1C6E-4F59-4165-8FE8-ED048890EB08}.Debug|Any CPU.Build.0 = Debug|Any CPU
		{400B1C6E-4F59-4165-8FE8-ED048890EB08}.Debug|x64.ActiveCfg = Debug|Any CPU
		{400B1C6E-4F59-4165-8FE8-ED048890EB08}.Debug|x64.Build.0 = Debug|Any CPU
		{400B1C6E-4F59-4165-8FE8-ED048890EB08}.Debug|x86.ActiveCfg = Debug|Any CPU
		{400B1C6E-4F59-4165-8FE8-ED048890EB08}.Debug|x86.Build.0 = Debug|Any CPU
		{400B1C6E-4F59-4165-8FE8-ED048890EB08}.Release|Any CPU.ActiveCfg = Release|Any CPU
		{400B1C6E-4F59-4165-8FE8-ED048890EB08}.Release|Any CPU.Build.0 = Release|Any CPU
		{400B1C6E-4F59-4165-8FE8-ED048890EB08}.Release|x64.ActiveCfg = Release|Any CPU
		{400B1C6E-4F59-4165-8FE8-ED048890EB08}.Release|x64.Build.0 = Release|Any CPU
		{400B1C6E-4F59-4165-8FE8-ED048890EB08}.Release|x86.ActiveCfg = Release|Any CPU
		{400B1C6E-4F59-4165-8FE8-ED048890EB08}.Release|x86.Build.0 = Release|Any CPU
		{E03F3044-A5E7-4958-9949-6C8C2542CD8C}.Debug|Any CPU.ActiveCfg = Debug|Any CPU
		{E03F3044-A5E7-4958-9949-6C8C2542CD8C}.Debug|Any CPU.Build.0 = Debug|Any CPU
		{E03F3044-A5E7-4958-9949-6C8C2542CD8C}.Debug|x64.ActiveCfg = Debug|Any CPU
		{E03F3044-A5E7-4958-9949-6C8C2542CD8C}.Debug|x64.Build.0 = Debug|Any CPU
		{E03F3044-A5E7-4958-9949-6C8C2542CD8C}.Debug|x86.ActiveCfg = Debug|Any CPU
		{E03F3044-A5E7-4958-9949-6C8C2542CD8C}.Debug|x86.Build.0 = Debug|Any CPU
		{E03F3044-A5E7-4958-9949-6C8C2542CD8C}.Release|Any CPU.ActiveCfg = Release|Any CPU
		{E03F3044-A5E7-4958-9949-6C8C2542CD8C}.Release|Any CPU.Build.0 = Release|Any CPU
		{E03F3044-A5E7-4958-9949-6C8C2542CD8C}.Release|x64.ActiveCfg = Release|Any CPU
		{E03F3044-A5E7-4958-9949-6C8C2542CD8C}.Release|x64.Build.0 = Release|Any CPU
		{E03F3044-A5E7-4958-9949-6C8C2542CD8C}.Release|x86.ActiveCfg = Release|Any CPU
		{E03F3044-A5E7-4958-9949-6C8C2542CD8C}.Release|x86.Build.0 = Release|Any CPU
	EndGlobalSection
	GlobalSection(NestedProjects) = preSolution
		{E03F3044-A5E7-4958-9949-6C8C2542CD8C} = {259B69F7-B714-4937-8C19-3942AFFCAE3D}
		{47D70AB5-523B-4F23-941B-7D2F6B5BDBD9} = {820DDE3F-4B74-4516-812E-ECD9B95780F2}
		{C4FC24FF-8F4E-4F8D-AE93-80835093F0D1} = {820DDE3F-4B74-4516-812E-ECD9B95780F2}
		{E2244E64-E4FA-42A1-8B31-D41529D0B4FF} = {820DDE3F-4B74-4516-812E-ECD9B95780F2}
		{F46AD1CE-B2D0-427E-8B04-D5C6117BDC70} = {820DDE3F-4B74-4516-812E-ECD9B95780F2}
		{8ECB5F69-89C7-4D05-B131-FE09596E4596} = {259B69F7-B714-4937-8C19-3942AFFCAE3D}
		{400B1C6E-4F59-4165-8FE8-ED048890EB08} = {259B69F7-B714-4937-8C19-3942AFFCAE3D}
	EndGlobalSection
EndGlobal
